// !$*UTF8*$!
{
	archiveVersion = 1;
	classes = {
	};
	objectVersion = 46;
	objects = {

/* Begin PBXBuildFile section */
		3FEAA4801DDB791C00465670 /* AppDelegate.swift in Sources */ = {isa = PBXBuildFile; fileRef = 3FEAA47F1DDB791C00465670 /* AppDelegate.swift */; };
		3FEAA4821DDB791C00465670 /* ViewController.swift in Sources */ = {isa = PBXBuildFile; fileRef = 3FEAA4811DDB791C00465670 /* ViewController.swift */; };
		3FEAA4851DDB791C00465670 /* Main.storyboard in Resources */ = {isa = PBXBuildFile; fileRef = 3FEAA4831DDB791C00465670 /* Main.storyboard */; };
		3FEAA4871DDB791C00465670 /* Assets.xcassets in Resources */ = {isa = PBXBuildFile; fileRef = 3FEAA4861DDB791C00465670 /* Assets.xcassets */; };
		3FEAA48A1DDB791C00465670 /* LaunchScreen.storyboard in Resources */ = {isa = PBXBuildFile; fileRef = 3FEAA4881DDB791C00465670 /* LaunchScreen.storyboard */; };
		3FEAA4951DDB791C00465670 /* TictacFLowTests.swift in Sources */ = {isa = PBXBuildFile; fileRef = 3FEAA4941DDB791C00465670 /* TictacFLowTests.swift */; };
		3FEAA4A01DDB791C00465670 /* TictacFLowUITests.swift in Sources */ = {isa = PBXBuildFile; fileRef = 3FEAA49F1DDB791C00465670 /* TictacFLowUITests.swift */; };
/* End PBXBuildFile section */

/* Begin PBXContainerItemProxy section */
		3FEAA4911DDB791C00465670 /* PBXContainerItemProxy */ = {
			isa = PBXContainerItemProxy;
			containerPortal = 3FEAA4741DDB791C00465670 /* Project object */;
			proxyType = 1;
			remoteGlobalIDString = 3FEAA47B1DDB791C00465670;
			remoteInfo = TictacFLow;
		};
		3FEAA49C1DDB791C00465670 /* PBXContainerItemProxy */ = {
			isa = PBXContainerItemProxy;
			containerPortal = 3FEAA4741DDB791C00465670 /* Project object */;
			proxyType = 1;
			remoteGlobalIDString = 3FEAA47B1DDB791C00465670;
			remoteInfo = TictacFLow;
		};
/* End PBXContainerItemProxy section */

/* Begin PBXFileReference section */
		3FEAA47C1DDB791C00465670 /* TictacFLow.app */ = {isa = PBXFileReference; explicitFileType = wrapper.application; includeInIndex = 0; path = TictacFLow.app; sourceTree = BUILT_PRODUCTS_DIR; };
		3FEAA47F1DDB791C00465670 /* AppDelegate.swift */ = {isa = PBXFileReference; lastKnownFileType = sourcecode.swift; path = AppDelegate.swift; sourceTree = "<group>"; };
		3FEAA4811DDB791C00465670 /* ViewController.swift */ = {isa = PBXFileReference; lastKnownFileType = sourcecode.swift; path = ViewController.swift; sourceTree = "<group>"; };
		3FEAA4841DDB791C00465670 /* Base */ = {isa = PBXFileReference; lastKnownFileType = file.storyboard; name = Base; path = Base.lproj/Main.storyboard; sourceTree = "<group>"; };
		3FEAA4861DDB791C00465670 /* Assets.xcassets */ = {isa = PBXFileReference; lastKnownFileType = folder.assetcatalog; path = Assets.xcassets; sourceTree = "<group>"; };
		3FEAA4891DDB791C00465670 /* Base */ = {isa = PBXFileReference; lastKnownFileType = file.storyboard; name = Base; path = Base.lproj/LaunchScreen.storyboard; sourceTree = "<group>"; };
		3FEAA48B1DDB791C00465670 /* Info.plist */ = {isa = PBXFileReference; lastKnownFileType = text.plist.xml; path = Info.plist; sourceTree = "<group>"; };
		3FEAA4901DDB791C00465670 /* TictacFLowTests.xctest */ = {isa = PBXFileReference; explicitFileType = wrapper.cfbundle; includeInIndex = 0; path = TictacFLowTests.xctest; sourceTree = BUILT_PRODUCTS_DIR; };
		3FEAA4941DDB791C00465670 /* TictacFLowTests.swift */ = {isa = PBXFileReference; lastKnownFileType = sourcecode.swift; path = TictacFLowTests.swift; sourceTree = "<group>"; };
		3FEAA4961DDB791C00465670 /* Info.plist */ = {isa = PBXFileReference; lastKnownFileType = text.plist.xml; path = Info.plist; sourceTree = "<group>"; };
		3FEAA49B1DDB791C00465670 /* TictacFLowUITests.xctest */ = {isa = PBXFileReference; explicitFileType = wrapper.cfbundle; includeInIndex = 0; path = TictacFLowUITests.xctest; sourceTree = BUILT_PRODUCTS_DIR; };
		3FEAA49F1DDB791C00465670 /* TictacFLowUITests.swift */ = {isa = PBXFileReference; lastKnownFileType = sourcecode.swift; path = TictacFLowUITests.swift; sourceTree = "<group>"; };
		3FEAA4A11DDB791C00465670 /* Info.plist */ = {isa = PBXFileReference; lastKnownFileType = text.plist.xml; path = Info.plist; sourceTree = "<group>"; };
/* End PBXFileReference section */

/* Begin PBXFrameworksBuildPhase section */
		3FEAA4791DDB791C00465670 /* Frameworks */ = {
			isa = PBXFrameworksBuildPhase;
			buildActionMask = 2147483647;
			files = (
			);
			runOnlyForDeploymentPostprocessing = 0;
		};
		3FEAA48D1DDB791C00465670 /* Frameworks */ = {
			isa = PBXFrameworksBuildPhase;
			buildActionMask = 2147483647;
			files = (
			);
			runOnlyForDeploymentPostprocessing = 0;
		};
		3FEAA4981DDB791C00465670 /* Frameworks */ = {
			isa = PBXFrameworksBuildPhase;
			buildActionMask = 2147483647;
			files = (
			);
			runOnlyForDeploymentPostprocessing = 0;
		};
/* End PBXFrameworksBuildPhase section */

/* Begin PBXGroup section */
		3FEAA4731DDB791C00465670 = {
			isa = PBXGroup;
			children = (
				3FEAA47E1DDB791C00465670 /* TictacFLow */,
				3FEAA4931DDB791C00465670 /* TictacFLowTests */,
				3FEAA49E1DDB791C00465670 /* TictacFLowUITests */,
				3FEAA47D1DDB791C00465670 /* Products */,
			);
			sourceTree = "<group>";
		};
		3FEAA47D1DDB791C00465670 /* Products */ = {
			isa = PBXGroup;
			children = (
				3FEAA47C1DDB791C00465670 /* TictacFLow.app */,
				3FEAA4901DDB791C00465670 /* TictacFLowTests.xctest */,
				3FEAA49B1DDB791C00465670 /* TictacFLowUITests.xctest */,
			);
			name = Products;
			sourceTree = "<group>";
		};
		3FEAA47E1DDB791C00465670 /* TictacFLow */ = {
			isa = PBXGroup;
			children = (
				3FEAA47F1DDB791C00465670 /* AppDelegate.swift */,
				3FEAA4811DDB791C00465670 /* ViewController.swift */,
				3FEAA4831DDB791C00465670 /* Main.storyboard */,
				3FEAA4861DDB791C00465670 /* Assets.xcassets */,
				3FEAA4881DDB791C00465670 /* LaunchScreen.storyboard */,
				3FEAA48B1DDB791C00465670 /* Info.plist */,
			);
			path = TictacFLow;
			sourceTree = "<group>";
		};
		3FEAA4931DDB791C00465670 /* TictacFLowTests */ = {
			isa = PBXGroup;
			children = (
				3FEAA4941DDB791C00465670 /* TictacFLowTests.swift */,
				3FEAA4961DDB791C00465670 /* Info.plist */,
			);
			path = TictacFLowTests;
			sourceTree = "<group>";
		};
		3FEAA49E1DDB791C00465670 /* TictacFLowUITests */ = {
			isa = PBXGroup;
			children = (
				3FEAA49F1DDB791C00465670 /* TictacFLowUITests.swift */,
				3FEAA4A11DDB791C00465670 /* Info.plist */,
			);
			path = TictacFLowUITests;
			sourceTree = "<group>";
		};
/* End PBXGroup section */

/* Begin PBXNativeTarget section */
		3FEAA47B1DDB791C00465670 /* TictacFLow */ = {
			isa = PBXNativeTarget;
			buildConfigurationList = 3FEAA4A41DDB791C00465670 /* Build configuration list for PBXNativeTarget "TictacFLow" */;
			buildPhases = (
				3FEAA4781DDB791C00465670 /* Sources */,
				3FEAA4791DDB791C00465670 /* Frameworks */,
				3FEAA47A1DDB791C00465670 /* Resources */,
			);
			buildRules = (
			);
			dependencies = (
			);
			name = TictacFLow;
			productName = TictacFLow;
			productReference = 3FEAA47C1DDB791C00465670 /* TictacFLow.app */;
			productType = "com.apple.product-type.application";
		};
		3FEAA48F1DDB791C00465670 /* TictacFLowTests */ = {
			isa = PBXNativeTarget;
			buildConfigurationList = 3FEAA4A71DDB791C00465670 /* Build configuration list for PBXNativeTarget "TictacFLowTests" */;
			buildPhases = (
				3FEAA48C1DDB791C00465670 /* Sources */,
				3FEAA48D1DDB791C00465670 /* Frameworks */,
				3FEAA48E1DDB791C00465670 /* Resources */,
			);
			buildRules = (
			);
			dependencies = (
				3FEAA4921DDB791C00465670 /* PBXTargetDependency */,
			);
			name = TictacFLowTests;
			productName = TictacFLowTests;
			productReference = 3FEAA4901DDB791C00465670 /* TictacFLowTests.xctest */;
			productType = "com.apple.product-type.bundle.unit-test";
		};
		3FEAA49A1DDB791C00465670 /* TictacFLowUITests */ = {
			isa = PBXNativeTarget;
			buildConfigurationList = 3FEAA4AA1DDB791C00465670 /* Build configuration list for PBXNativeTarget "TictacFLowUITests" */;
			buildPhases = (
				3FEAA4971DDB791C00465670 /* Sources */,
				3FEAA4981DDB791C00465670 /* Frameworks */,
				3FEAA4991DDB791C00465670 /* Resources */,
			);
			buildRules = (
			);
			dependencies = (
				3FEAA49D1DDB791C00465670 /* PBXTargetDependency */,
			);
			name = TictacFLowUITests;
			productName = TictacFLowUITests;
			productReference = 3FEAA49B1DDB791C00465670 /* TictacFLowUITests.xctest */;
			productType = "com.apple.product-type.bundle.ui-testing";
		};
/* End PBXNativeTarget section */

/* Begin PBXProject section */
		3FEAA4741DDB791C00465670 /* Project object */ = {
			isa = PBXProject;
			attributes = {
				LastSwiftUpdateCheck = 0730;
				LastUpgradeCheck = 0730;
				ORGANIZATIONNAME = "Big J's big booty buddys";
				TargetAttributes = {
					3FEAA47B1DDB791C00465670 = {
						CreatedOnToolsVersion = 7.3.1;
						DevelopmentTeam = 5RDP545338;
					};
					3FEAA48F1DDB791C00465670 = {
						CreatedOnToolsVersion = 7.3.1;
						DevelopmentTeam = 5RDP545338;
						TestTargetID = 3FEAA47B1DDB791C00465670;
					};
					3FEAA49A1DDB791C00465670 = {
						CreatedOnToolsVersion = 7.3.1;
						DevelopmentTeam = 5RDP545338;
						TestTargetID = 3FEAA47B1DDB791C00465670;
					};
				};
			};
			buildConfigurationList = 3FEAA4771DDB791C00465670 /* Build configuration list for PBXProject "TictacFLow" */;
			compatibilityVersion = "Xcode 3.2";
			developmentRegion = English;
			hasScannedForEncodings = 0;
			knownRegions = (
				en,
				Base,
			);
			mainGroup = 3FEAA4731DDB791C00465670;
			productRefGroup = 3FEAA47D1DDB791C00465670 /* Products */;
			projectDirPath = "";
			projectRoot = "";
			targets = (
				3FEAA47B1DDB791C00465670 /* TictacFLow */,
				3FEAA48F1DDB791C00465670 /* TictacFLowTests */,
				3FEAA49A1DDB791C00465670 /* TictacFLowUITests */,
			);
		};
/* End PBXProject section */

/* Begin PBXResourcesBuildPhase section */
		3FEAA47A1DDB791C00465670 /* Resources */ = {
			isa = PBXResourcesBuildPhase;
			buildActionMask = 2147483647;
			files = (
				3FEAA48A1DDB791C00465670 /* LaunchScreen.storyboard in Resources */,
				3FEAA4871DDB791C00465670 /* Assets.xcassets in Resources */,
				3FEAA4851DDB791C00465670 /* Main.storyboard in Resources */,
			);
			runOnlyForDeploymentPostprocessing = 0;
		};
		3FEAA48E1DDB791C00465670 /* Resources */ = {
			isa = PBXResourcesBuildPhase;
			buildActionMask = 2147483647;
			files = (
			);
			runOnlyForDeploymentPostprocessing = 0;
		};
		3FEAA4991DDB791C00465670 /* Resources */ = {
			isa = PBXResourcesBuildPhase;
			buildActionMask = 2147483647;
			files = (
			);
			runOnlyForDeploymentPostprocessing = 0;
		};
/* End PBXResourcesBuildPhase section */

/* Begin PBXSourcesBuildPhase section */
		3FEAA4781DDB791C00465670 /* Sources */ = {
			isa = PBXSourcesBuildPhase;
			buildActionMask = 2147483647;
			files = (
				3FEAA4821DDB791C00465670 /* ViewController.swift in Sources */,
				3FEAA4801DDB791C00465670 /* AppDelegate.swift in Sources */,
			);
			runOnlyForDeploymentPostprocessing = 0;
		};
		3FEAA48C1DDB791C00465670 /* Sources */ = {
			isa = PBXSourcesBuildPhase;
			buildActionMask = 2147483647;
			files = (
				3FEAA4951DDB791C00465670 /* TictacFLowTests.swift in Sources */,
			);
			runOnlyForDeploymentPostprocessing = 0;
		};
		3FEAA4971DDB791C00465670 /* Sources */ = {
			isa = PBXSourcesBuildPhase;
			buildActionMask = 2147483647;
			files = (
				3FEAA4A01DDB791C00465670 /* TictacFLowUITests.swift in Sources */,
			);
			runOnlyForDeploymentPostprocessing = 0;
		};
/* End PBXSourcesBuildPhase section */

/* Begin PBXTargetDependency section */
		3FEAA4921DDB791C00465670 /* PBXTargetDependency */ = {
			isa = PBXTargetDependency;
			target = 3FEAA47B1DDB791C00465670 /* TictacFLow */;
			targetProxy = 3FEAA4911DDB791C00465670 /* PBXContainerItemProxy */;
		};
		3FEAA49D1DDB791C00465670 /* PBXTargetDependency */ = {
			isa = PBXTargetDependency;
			target = 3FEAA47B1DDB791C00465670 /* TictacFLow */;
			targetProxy = 3FEAA49C1DDB791C00465670 /* PBXContainerItemProxy */;
		};
/* End PBXTargetDependency section */

/* Begin PBXVariantGroup section */
		3FEAA4831DDB791C00465670 /* Main.storyboard */ = {
			isa = PBXVariantGroup;
			children = (
				3FEAA4841DDB791C00465670 /* Base */,
			);
			name = Main.storyboard;
			sourceTree = "<group>";
		};
		3FEAA4881DDB791C00465670 /* LaunchScreen.storyboard */ = {
			isa = PBXVariantGroup;
			children = (
				3FEAA4891DDB791C00465670 /* Base */,
			);
			name = LaunchScreen.storyboard;
			sourceTree = "<group>";
		};
/* End PBXVariantGroup section */

/* Begin XCBuildConfiguration section */
		3FEAA4A21DDB791C00465670 /* Debug */ = {
			isa = XCBuildConfiguration;
			buildSettings = {
				ALWAYS_SEARCH_USER_PATHS = NO;
				CLANG_ANALYZER_NONNULL = YES;
				CLANG_CXX_LANGUAGE_STANDARD = "gnu++0x";
				CLANG_CXX_LIBRARY = "libc++";
				CLANG_ENABLE_MODULES = YES;
				CLANG_ENABLE_OBJC_ARC = YES;
				CLANG_WARN_BOOL_CONVERSION = YES;
				CLANG_WARN_CONSTANT_CONVERSION = YES;
				CLANG_WARN_DIRECT_OBJC_ISA_USAGE = YES_ERROR;
				CLANG_WARN_EMPTY_BODY = YES;
				CLANG_WARN_ENUM_CONVERSION = YES;
				CLANG_WARN_INT_CONVERSION = YES;
				CLANG_WARN_OBJC_ROOT_CLASS = YES_ERROR;
				CLANG_WARN_UNREACHABLE_CODE = YES;
				CLANG_WARN__DUPLICATE_METHOD_MATCH = YES;
				"CODE_SIGN_IDENTITY[sdk=iphoneos*]" = "iPhone Developer";
				COPY_PHASE_STRIP = NO;
				DEBUG_INFORMATION_FORMAT = dwarf;
				ENABLE_STRICT_OBJC_MSGSEND = YES;
				ENABLE_TESTABILITY = YES;
				GCC_C_LANGUAGE_STANDARD = gnu99;
				GCC_DYNAMIC_NO_PIC = NO;
				GCC_NO_COMMON_BLOCKS = YES;
				GCC_OPTIMIZATION_LEVEL = 0;
				GCC_PREPROCESSOR_DEFINITIONS = (
					"DEBUG=1",
					"$(inherited)",
				);
				GCC_WARN_64_TO_32_BIT_CONVERSION = YES;
				GCC_WARN_ABOUT_RETURN_TYPE = YES_ERROR;
				GCC_WARN_UNDECLARED_SELECTOR = YES;
				GCC_WARN_UNINITIALIZED_AUTOS = YES_AGGRESSIVE;
				GCC_WARN_UNUSED_FUNCTION = YES;
				GCC_WARN_UNUSED_VARIABLE = YES;
				IPHONEOS_DEPLOYMENT_TARGET = 9.3;
				MTL_ENABLE_DEBUG_INFO = YES;
				ONLY_ACTIVE_ARCH = YES;
				SDKROOT = iphoneos;
				SWIFT_OPTIMIZATION_LEVEL = "-Onone";
				TARGETED_DEVICE_FAMILY = "1,2";
			};
			name = Debug;
		};
		3FEAA4A31DDB791C00465670 /* Release */ = {
			isa = XCBuildConfiguration;
			buildSettings = {
				ALWAYS_SEARCH_USER_PATHS = NO;
				CLANG_ANALYZER_NONNULL = YES;
				CLANG_CXX_LANGUAGE_STANDARD = "gnu++0x";
				CLANG_CXX_LIBRARY = "libc++";
				CLANG_ENABLE_MODULES = YES;
				CLANG_ENABLE_OBJC_ARC = YES;
				CLANG_WARN_BOOL_CONVERSION = YES;
				CLANG_WARN_CONSTANT_CONVERSION = YES;
				CLANG_WARN_DIRECT_OBJC_ISA_USAGE = YES_ERROR;
				CLANG_WARN_EMPTY_BODY = YES;
				CLANG_WARN_ENUM_CONVERSION = YES;
				CLANG_WARN_INT_CONVERSION = YES;
				CLANG_WARN_OBJC_ROOT_CLASS = YES_ERROR;
				CLANG_WARN_UNREACHABLE_CODE = YES;
				CLANG_WARN__DUPLICATE_METHOD_MATCH = YES;
				"CODE_SIGN_IDENTITY[sdk=iphoneos*]" = "iPhone Developer";
				COPY_PHASE_STRIP = NO;
				DEBUG_INFORMATION_FORMAT = "dwarf-with-dsym";
				ENABLE_NS_ASSERTIONS = NO;
				ENABLE_STRICT_OBJC_MSGSEND = YES;
				GCC_C_LANGUAGE_STANDARD = gnu99;
				GCC_NO_COMMON_BLOCKS = YES;
				GCC_WARN_64_TO_32_BIT_CONVERSION = YES;
				GCC_WARN_ABOUT_RETURN_TYPE = YES_ERROR;
				GCC_WARN_UNDECLARED_SELECTOR = YES;
				GCC_WARN_UNINITIALIZED_AUTOS = YES_AGGRESSIVE;
				GCC_WARN_UNUSED_FUNCTION = YES;
				GCC_WARN_UNUSED_VARIABLE = YES;
				IPHONEOS_DEPLOYMENT_TARGET = 9.3;
				MTL_ENABLE_DEBUG_INFO = NO;
				SDKROOT = iphoneos;
				TARGETED_DEVICE_FAMILY = "1,2";
				VALIDATE_PRODUCT = YES;
			};
			name = Release;
		};
		3FEAA4A51DDB791C00465670 /* Debug */ = {
			isa = XCBuildConfiguration;
			buildSettings = {
				ASSETCATALOG_COMPILER_APPICON_NAME = AppIcon;
				INFOPLIST_FILE = TictacFLow/Info.plist;
				LD_RUNPATH_SEARCH_PATHS = "$(inherited) @executable_path/Frameworks";
				PRODUCT_BUNDLE_IDENTIFIER = BigJ.TictacFLow;
				PRODUCT_NAME = "$(TARGET_NAME)";
			};
			name = Debug;
		};
		3FEAA4A61DDB791C00465670 /* Release */ = {
			isa = XCBuildConfiguration;
			buildSettings = {
				ASSETCATALOG_COMPILER_APPICON_NAME = AppIcon;
				INFOPLIST_FILE = TictacFLow/Info.plist;
				LD_RUNPATH_SEARCH_PATHS = "$(inherited) @executable_path/Frameworks";
				PRODUCT_BUNDLE_IDENTIFIER = BigJ.TictacFLow;
				PRODUCT_NAME = "$(TARGET_NAME)";
			};
			name = Release;
		};
		3FEAA4A81DDB791C00465670 /* Debug */ = {
			isa = XCBuildConfiguration;
			buildSettings = {
				BUNDLE_LOADER = "$(TEST_HOST)";
				INFOPLIST_FILE = TictacFLowTests/Info.plist;
				LD_RUNPATH_SEARCH_PATHS = "$(inherited) @executable_path/Frameworks @loader_path/Frameworks";
				PRODUCT_BUNDLE_IDENTIFIER = BigJ.TictacFLowTests;
				PRODUCT_NAME = "$(TARGET_NAME)";
				TEST_HOST = "$(BUILT_PRODUCTS_DIR)/TictacFLow.app/TictacFLow";
			};
			name = Debug;
		};
		3FEAA4A91DDB791C00465670 /* Release */ = {
			isa = XCBuildConfiguration;
			buildSettings = {
				BUNDLE_LOADER = "$(TEST_HOST)";
				INFOPLIST_FILE = TictacFLowTests/Info.plist;
				LD_RUNPATH_SEARCH_PATHS = "$(inherited) @executable_path/Frameworks @loader_path/Frameworks";
				PRODUCT_BUNDLE_IDENTIFIER = BigJ.TictacFLowTests;
				PRODUCT_NAME = "$(TARGET_NAME)";
				TEST_HOST = "$(BUILT_PRODUCTS_DIR)/TictacFLow.app/TictacFLow";
			};
			name = Release;
		};
		3FEAA4AB1DDB791C00465670 /* Debug */ = {
			isa = XCBuildConfiguration;
			buildSettings = {
				INFOPLIST_FILE = TictacFLowUITests/Info.plist;
				LD_RUNPATH_SEARCH_PATHS = "$(inherited) @executable_path/Frameworks @loader_path/Frameworks";
				PRODUCT_BUNDLE_IDENTIFIER = BigJ.TictacFLowUITests;
				PRODUCT_NAME = "$(TARGET_NAME)";
				TEST_TARGET_NAME = TictacFLow;
			};
			name = Debug;
		};
		3FEAA4AC1DDB791C00465670 /* Release */ = {
			isa = XCBuildConfiguration;
			buildSettings = {
				INFOPLIST_FILE = TictacFLowUITests/Info.plist;
				LD_RUNPATH_SEARCH_PATHS = "$(inherited) @executable_path/Frameworks @loader_path/Frameworks";
				PRODUCT_BUNDLE_IDENTIFIER = BigJ.TictacFLowUITests;
				PRODUCT_NAME = "$(TARGET_NAME)";
				TEST_TARGET_NAME = TictacFLow;
			};
			name = Release;
		};
/* End XCBuildConfiguration section */

/* Begin XCConfigurationList section */
		3FEAA4771DDB791C00465670 /* Build configuration list for PBXProject "TictacFLow" */ = {
			isa = XCConfigurationList;
			buildConfigurations = (
				3FEAA4A21DDB791C00465670 /* Debug */,
				3FEAA4A31DDB791C00465670 /* Release */,
			);
			defaultConfigurationIsVisible = 0;
			defaultConfigurationName = Release;
		};
		3FEAA4A41DDB791C00465670 /* Build configuration list for PBXNativeTarget "TictacFLow" */ = {
			isa = XCConfigurationList;
			buildConfigurations = (
				3FEAA4A51DDB791C00465670 /* Debug */,
				3FEAA4A61DDB791C00465670 /* Release */,
			);
			defaultConfigurationIsVisible = 0;
		};
		3FEAA4A71DDB791C00465670 /* Build configuration list for PBXNativeTarget "TictacFLowTests" */ = {
			isa = XCConfigurationList;
			buildConfigurations = (
				3FEAA4A81DDB791C00465670 /* Debug */,
				3FEAA4A91DDB791C00465670 /* Release */,
			);
			defaultConfigurationIsVisible = 0;
		};
		3FEAA4AA1DDB791C00465670 /* Build configuration list for PBXNativeTarget "TictacFLowUITests" */ = {
			isa = XCConfigurationList;
			buildConfigurations = (
				3FEAA4AB1DDB791C00465670 /* Debug */,
				3FEAA4AC1DDB791C00465670 /* Release */,
			);
			defaultConfigurationIsVisible = 0;
		};
/* End XCConfigurationList section */
	};
	rootObject = 3FEAA4741DDB791C00465670 /* Project object */;
}
